
Microsoft Visual Studio Solution File, Format Version 12.00
# Visual Studio Version 16
VisualStudioVersion = 16.0.30907.101
MinimumVisualStudioVersion = 10.0.40219.1
Project("{9A19103F-16F7-4668-BE54-9A1E7A4F7556}") = "consola", "consola\consola.csproj", "{AB5EF7B6-7FF0-4A2E-9985-70348728A2BA}"
EndProject
Project("{FAE04EC0-301F-11D3-BF4B-00C04F79EFBC}") = "formulario", "formulario\formulario.csproj", "{B705F346-2431-4FE4-BEE8-F28BBB5C33D6}"
EndProject
Project("{FAE04EC0-301F-11D3-BF4B-00C04F79EFBC}") = "Primer_WPF", "Primer_WPF\Primer_WPF\Primer_WPF.csproj", "{B6A481B6-BBD3-4667-AE7E-B66EC0D912A9}"
EndProject
Project("{FAE04EC0-301F-11D3-BF4B-00C04F79EFBC}") = "videoclub", "videoclub\videoclub.csproj", "{B184F2BC-7191-440B-A3A4-03023CF75C81}"
EndProject
Project("{FAE04EC0-301F-11D3-BF4B-00C04F79EFBC}") = "VideoclubForms", "VideoclubForms\VideoclubForms.csproj", "{7B3CBEBB-F966-4243-8F8A-13F567747F2B}"
EndProject
Global
	GlobalSection(SolutionConfigurationPlatforms) = preSolution
		Debug|Any CPU = Debug|Any CPU
		Release|Any CPU = Release|Any CPU
	EndGlobalSection
	GlobalSection(ProjectConfigurationPlatforms) = postSolution
		{AB5EF7B6-7FF0-4A2E-9985-70348728A2BA}.Debug|Any CPU.ActiveCfg = Debug|Any CPU
		{AB5EF7B6-7FF0-4A2E-9985-70348728A2BA}.Debug|Any CPU.Build.0 = Debug|Any CPU
		{AB5EF7B6-7FF0-4A2E-9985-70348728A2BA}.Release|Any CPU.ActiveCfg = Release|Any CPU
		{AB5EF7B6-7FF0-4A2E-9985-70348728A2BA}.Release|Any CPU.Build.0 = Release|Any CPU
		{B705F346-2431-4FE4-BEE8-F28BBB5C33D6}.Debug|Any CPU.ActiveCfg = Debug|Any CPU
		{B705F346-2431-4FE4-BEE8-F28BBB5C33D6}.Debug|Any CPU.Build.0 = Debug|Any CPU
		{B705F346-2431-4FE4-BEE8-F28BBB5C33D6}.Release|Any CPU.ActiveCfg = Release|Any CPU
		{B705F346-2431-4FE4-BEE8-F28BBB5C33D6}.Release|Any CPU.Build.0 = Release|Any CPU
		{B6A481B6-BBD3-4667-AE7E-B66EC0D912A9}.Debug|Any CPU.ActiveCfg = Debug|Any CPU
		{B6A481B6-BBD3-4667-AE7E-B66EC0D912A9}.Debug|Any CPU.Build.0 = Debug|Any CPU
		{B6A481B6-BBD3-4667-AE7E-B66EC0D912A9}.Release|Any CPU.ActiveCfg = Release|Any CPU
		{B6A481B6-BBD3-4667-AE7E-B66EC0D912A9}.Release|Any CPU.Build.0 = Release|Any CPU
		{B184F2BC-7191-440B-A3A4-03023CF75C81}.Debug|Any CPU.ActiveCfg = Debug|Any CPU
		{B184F2BC-7191-440B-A3A4-03023CF75C81}.Debug|Any CPU.Build.0 = Debug|Any CPU
		{B184F2BC-7191-440B-A3A4-03023CF75C81}.Release|Any CPU.ActiveCfg = Release|Any CPU
		{B184F2BC-7191-440B-A3A4-03023CF75C81}.Release|Any CPU.Build.0 = Release|Any CPU
		{7B3CBEBB-F966-4243-8F8A-13F567747F2B}.Debug|Any CPU.ActiveCfg = Debug|Any CPU
		{7B3CBEBB-F966-4243-8F8A-13F567747F2B}.Debug|Any CPU.Build.0 = Debug|Any CPU
		{7B3CBEBB-F966-4243-8F8A-13F567747F2B}.Release|Any CPU.ActiveCfg = Release|Any CPU
		{7B3CBEBB-F966-4243-8F8A-13F567747F2B}.Release|Any CPU.Build.0 = Release|Any CPU
	EndGlobalSection
	GlobalSection(SolutionProperties) = preSolution
		HideSolutionNode = FALSE
	EndGlobalSection
	GlobalSection(ExtensibilityGlobals) = postSolution
		SolutionGuid = {00146493-BD60-4700-B209-FCE152B805B9}
	EndGlobalSection
EndGlobal
